
Microsoft Visual Studio Solution File, Format Version 12.00
# Visual Studio Version 17
VisualStudioVersion = 17.14.36121.58
MinimumVisualStudioVersion = 10.0.40219.1
Project("{FAE04EC0-301F-11D3-BF4B-00C04F79EFBC}") = "LayoutUploadApp", "LayoutUploadApp\LayoutUploadApp.csproj", "{0173BFF1-D97A-4F8F-A387-DD5ED4CC00D7}"
EndProject
Project("{54435603-DBB4-11D2-8724-00A0C9A8B90C}") = "LayoutUploadSetupProject", "LayoutUploadSetupProject\LayoutUploadSetupProject.vdproj", "{D6BBB6B4-DAEC-9CBD-F967-5A7104DA5E39}"
EndProject
Global
	GlobalSection(SolutionConfigurationPlatforms) = preSolution
		Debug|Any CPU = Debug|Any CPU
		Release|Any CPU = Release|Any CPU
	EndGlobalSection
	GlobalSection(ProjectConfigurationPlatforms) = postSolution
		{0173BFF1-D97A-4F8F-A387-DD5ED4CC00D7}.Debug|Any CPU.ActiveCfg = Debug|Any CPU
		{0173BFF1-D97A-4F8F-A387-DD5ED4CC00D7}.Debug|Any CPU.Build.0 = Debug|Any CPU
		{0173BFF1-D97A-4F8F-A387-DD5ED4CC00D7}.Release|Any CPU.ActiveCfg = Release|Any CPU
		{0173BFF1-D97A-4F8F-A387-DD5ED4CC00D7}.Release|Any CPU.Build.0 = Release|Any CPU
		{D6BBB6B4-DAEC-9CBD-F967-5A7104DA5E39}.Debug|Any CPU.ActiveCfg = Debug
		{D6BBB6B4-DAEC-9CBD-F967-5A7104DA5E39}.Release|Any CPU.ActiveCfg = Release
	EndGlobalSection
	GlobalSection(SolutionProperties) = preSolution
		HideSolutionNode = FALSE
	EndGlobalSection
	GlobalSection(ExtensibilityGlobals) = postSolution
		SolutionGuid = {C10C90AB-CDBC-490A-B144-6F65F5C411AA}
	EndGlobalSection
EndGlobal
